
Microsoft Visual Studio Solution File, Format Version 12.00
# Visual Studio Version 17
VisualStudioVersion = 17.1.32228.430
MinimumVisualStudioVersion = 10.0.40219.1
Project("{FAE04EC0-301F-11D3-BF4B-00C04F79EFBC}") = "ShoppingList", "ShoppingList\ShoppingList.csproj", "{A1796838-4B64-45F6-B794-CBFE09E7D724}"
EndProject
Global
	GlobalSection(SolutionConfigurationPlatforms) = preSolution
		Debug|Any CPU = Debug|Any CPU
		Release|Any CPU = Release|Any CPU
	EndGlobalSection
	GlobalSection(ProjectConfigurationPlatforms) = postSolution
		{A1796838-4B64-45F6-B794-CBFE09E7D724}.Debug|Any CPU.ActiveCfg = Debug|Any CPU
		{A1796838-4B64-45F6-B794-CBFE09E7D724}.Debug|Any CPU.Build.0 = Debug|Any CPU
		{A1796838-4B64-45F6-B794-CBFE09E7D724}.Release|Any CPU.ActiveCfg = Release|Any CPU
		{A1796838-4B64-45F6-B794-CBFE09E7D724}.Release|Any CPU.Build.0 = Release|Any CPU
	EndGlobalSection
	GlobalSection(SolutionProperties) = preSolution
		HideSolutionNode = FALSE
	EndGlobalSection
	GlobalSection(ExtensibilityGlobals) = postSolution
		SolutionGuid = {D0E77651-AF47-4686-8194-95D0DABF6505}
	EndGlobalSection
EndGlobal
